
Microsoft Visual Studio Solution File, Format Version 12.00
# Visual Studio 15
VisualStudioVersion = 15.0.28307.168
MinimumVisualStudioVersion = 10.0.40219.1
Project("{8BC9CEB8-8B4A-11D0-8D11-00A0C91BC942}") = "TrianglePegboard", "TrianglePegboard\TrianglePegboard.vcxproj", "{B028B2D1-0060-4B8D-88D3-DCB878EC1CAB}"
EndProject
Global
	GlobalSection(SolutionConfigurationPlatforms) = preSolution
		Debug|x64 = Debug|x64
		Debug|x86 = Debug|x86
		Release|x64 = Release|x64
		Release|x86 = Release|x86
	EndGlobalSection
	GlobalSection(ProjectConfigurationPlatforms) = postSolution
		{B028B2D1-0060-4B8D-88D3-DCB878EC1CAB}.Debug|x64.ActiveCfg = Debug|x64
		{B028B2D1-0060-4B8D-88D3-DCB878EC1CAB}.Debug|x64.Build.0 = Debug|x64
		{B028B2D1-0060-4B8D-88D3-DCB878EC1CAB}.Debug|x86.ActiveCfg = Debug|Win32
		{B028B2D1-0060-4B8D-88D3-DCB878EC1CAB}.Debug|x86.Build.0 = Debug|Win32
		{B028B2D1-0060-4B8D-88D3-DCB878EC1CAB}.Release|x64.ActiveCfg = Release|x64
		{B028B2D1-0060-4B8D-88D3-DCB878EC1CAB}.Release|x64.Build.0 = Release|x64
		{B028B2D1-0060-4B8D-88D3-DCB878EC1CAB}.Release|x86.ActiveCfg = Release|Win32
		{B028B2D1-0060-4B8D-88D3-DCB878EC1CAB}.Release|x86.Build.0 = Release|Win32
	EndGlobalSection
	GlobalSection(SolutionProperties) = preSolution
		HideSolutionNode = FALSE
	EndGlobalSection
	GlobalSection(ExtensibilityGlobals) = postSolution
		SolutionGuid = {F1109B83-AC1A-4754-BCC8-7CDB0785F99F}
	EndGlobalSection
EndGlobal
